
Microsoft Visual Studio Solution File, Format Version 12.00
# Visual Studio Version 16
VisualStudioVersion = 16.0.31515.178
MinimumVisualStudioVersion = 10.0.40219.1
Project("{8BC9CEB8-8B4A-11D0-8D11-00A0C91BC942}") = "Cifrele unui numar", "Cifrele unui numar.vcxproj", "{894DA779-F3F4-4793-BC69-FAE7B1099871}"
EndProject
Global
	GlobalSection(SolutionConfigurationPlatforms) = preSolution
		Debug|x64 = Debug|x64
		Debug|x86 = Debug|x86
		Release|x64 = Release|x64
		Release|x86 = Release|x86
	EndGlobalSection
	GlobalSection(ProjectConfigurationPlatforms) = postSolution
		{894DA779-F3F4-4793-BC69-FAE7B1099871}.Debug|x64.ActiveCfg = Debug|x64
		{894DA779-F3F4-4793-BC69-FAE7B1099871}.Debug|x64.Build.0 = Debug|x64
		{894DA779-F3F4-4793-BC69-FAE7B1099871}.Debug|x86.ActiveCfg = Debug|Win32
		{894DA779-F3F4-4793-BC69-FAE7B1099871}.Debug|x86.Build.0 = Debug|Win32
		{894DA779-F3F4-4793-BC69-FAE7B1099871}.Release|x64.ActiveCfg = Release|x64
		{894DA779-F3F4-4793-BC69-FAE7B1099871}.Release|x64.Build.0 = Release|x64
		{894DA779-F3F4-4793-BC69-FAE7B1099871}.Release|x86.ActiveCfg = Release|Win32
		{894DA779-F3F4-4793-BC69-FAE7B1099871}.Release|x86.Build.0 = Release|Win32
	EndGlobalSection
	GlobalSection(SolutionProperties) = preSolution
		HideSolutionNode = FALSE
	EndGlobalSection
	GlobalSection(ExtensibilityGlobals) = postSolution
		SolutionGuid = {CE54B9D9-1A4A-42CA-8788-4686A13832EE}
	EndGlobalSection
EndGlobal
